
Microsoft Visual Studio Solution File, Format Version 12.00
# Visual Studio Version 17
VisualStudioVersion = 17.14.36414.22 d17.14
MinimumVisualStudioVersion = 10.0.40219.1
Project("{FAE04EC0-301F-11D3-BF4B-00C04F79EFBC}") = "ArchsVsDinosServer", "ArchsVsDinosServer\ArchsVsDinosServer.csproj", "{0FD2061C-56EF-4467-B454-3EAC075A1EAB}"
EndProject
Global
	GlobalSection(SolutionConfigurationPlatforms) = preSolution
		Debug|Any CPU = Debug|Any CPU
		Release|Any CPU = Release|Any CPU
	EndGlobalSection
	GlobalSection(ProjectConfigurationPlatforms) = postSolution
		{0FD2061C-56EF-4467-B454-3EAC075A1EAB}.Debug|Any CPU.ActiveCfg = Debug|Any CPU
		{0FD2061C-56EF-4467-B454-3EAC075A1EAB}.Debug|Any CPU.Build.0 = Debug|Any CPU
		{0FD2061C-56EF-4467-B454-3EAC075A1EAB}.Release|Any CPU.ActiveCfg = Release|Any CPU
		{0FD2061C-56EF-4467-B454-3EAC075A1EAB}.Release|Any CPU.Build.0 = Release|Any CPU
	EndGlobalSection
	GlobalSection(SolutionProperties) = preSolution
		HideSolutionNode = FALSE
	EndGlobalSection
	GlobalSection(ExtensibilityGlobals) = postSolution
		SolutionGuid = {F59AE656-AECA-4AB4-AB49-995F0D995544}
	EndGlobalSection
EndGlobal
